
Microsoft Visual Studio Solution File, Format Version 12.00
# Visual Studio Version 17
VisualStudioVersion = 17.7.34018.315
MinimumVisualStudioVersion = 10.0.40219.1
Project("{FAE04EC0-301F-11D3-BF4B-00C04F79EFBC}") = "Ejercicio", "Ejercicio2MN\Ejercicio.csproj", "{56C49151-6652-49D1-8C56-0EA1CE541E3D}"
EndProject
Global
	GlobalSection(SolutionConfigurationPlatforms) = preSolution
		Debug|Any CPU = Debug|Any CPU
		Release|Any CPU = Release|Any CPU
	EndGlobalSection
	GlobalSection(ProjectConfigurationPlatforms) = postSolution
		{56C49151-6652-49D1-8C56-0EA1CE541E3D}.Debug|Any CPU.ActiveCfg = Debug|Any CPU
		{56C49151-6652-49D1-8C56-0EA1CE541E3D}.Debug|Any CPU.Build.0 = Debug|Any CPU
		{56C49151-6652-49D1-8C56-0EA1CE541E3D}.Release|Any CPU.ActiveCfg = Release|Any CPU
		{56C49151-6652-49D1-8C56-0EA1CE541E3D}.Release|Any CPU.Build.0 = Release|Any CPU
	EndGlobalSection
	GlobalSection(SolutionProperties) = preSolution
		HideSolutionNode = FALSE
	EndGlobalSection
	GlobalSection(ExtensibilityGlobals) = postSolution
		SolutionGuid = {F82BA803-5D16-4720-AD65-7BD305C60914}
	EndGlobalSection
EndGlobal
