
Microsoft Visual Studio Solution File, Format Version 12.00
# Visual Studio Version 17
VisualStudioVersion = 17.7.34018.315
MinimumVisualStudioVersion = 10.0.40219.1
Project("{FAE04EC0-301F-11D3-BF4B-00C04F79EFBC}") = "MNAPI", "MNAPI\MNAPI.csproj", "{1388D7AD-5AA2-4911-8EC2-5C7251BC83D6}"
EndProject
Global
	GlobalSection(SolutionConfigurationPlatforms) = preSolution
		Debug|Any CPU = Debug|Any CPU
		Release|Any CPU = Release|Any CPU
	EndGlobalSection
	GlobalSection(ProjectConfigurationPlatforms) = postSolution
		{1388D7AD-5AA2-4911-8EC2-5C7251BC83D6}.Debug|Any CPU.ActiveCfg = Debug|Any CPU
		{1388D7AD-5AA2-4911-8EC2-5C7251BC83D6}.Debug|Any CPU.Build.0 = Debug|Any CPU
		{1388D7AD-5AA2-4911-8EC2-5C7251BC83D6}.Release|Any CPU.ActiveCfg = Release|Any CPU
		{1388D7AD-5AA2-4911-8EC2-5C7251BC83D6}.Release|Any CPU.Build.0 = Release|Any CPU
	EndGlobalSection
	GlobalSection(SolutionProperties) = preSolution
		HideSolutionNode = FALSE
	EndGlobalSection
	GlobalSection(ExtensibilityGlobals) = postSolution
		SolutionGuid = {6273321D-7B34-42EC-8BCD-AEA74655A94E}
	EndGlobalSection
EndGlobal
